
Microsoft Visual Studio Solution File, Format Version 12.00
# Visual Studio Version 17
VisualStudioVersion = 17.3.32901.215
MinimumVisualStudioVersion = 10.0.40219.1
Project("{FAE04EC0-301F-11D3-BF4B-00C04F79EFBC}") = "WorkShopProject", "WorkShopProject\WorkShopProject.csproj", "{D18CE824-0FF4-43C3-8359-3ACF63B82E54}"
EndProject
Global
	GlobalSection(SolutionConfigurationPlatforms) = preSolution
		Debug|Any CPU = Debug|Any CPU
		Release|Any CPU = Release|Any CPU
	EndGlobalSection
	GlobalSection(ProjectConfigurationPlatforms) = postSolution
		{D18CE824-0FF4-43C3-8359-3ACF63B82E54}.Debug|Any CPU.ActiveCfg = Debug|Any CPU
		{D18CE824-0FF4-43C3-8359-3ACF63B82E54}.Debug|Any CPU.Build.0 = Debug|Any CPU
		{D18CE824-0FF4-43C3-8359-3ACF63B82E54}.Release|Any CPU.ActiveCfg = Release|Any CPU
		{D18CE824-0FF4-43C3-8359-3ACF63B82E54}.Release|Any CPU.Build.0 = Release|Any CPU
	EndGlobalSection
	GlobalSection(SolutionProperties) = preSolution
		HideSolutionNode = FALSE
	EndGlobalSection
	GlobalSection(ExtensibilityGlobals) = postSolution
		SolutionGuid = {B66E1C77-6700-4259-9DA6-BA32632349D3}
	EndGlobalSection
EndGlobal
